
Microsoft Visual Studio Solution File, Format Version 12.00
# Visual Studio Version 17
VisualStudioVersion = 17.10.35122.118
MinimumVisualStudioVersion = 10.0.40219.1
Project("{9A19103F-16F7-4668-BE54-9A1E7A4F7556}") = "MongoDbHelpers", "MongoDbHelpers\MongoDbHelpers.csproj", "{72F0C734-3EAB-4D71-BB57-3357ACBD43F8}"
EndProject
Project("{9A19103F-16F7-4668-BE54-9A1E7A4F7556}") = "MsSqlServerHelpers", "MsSqlServerHelpers\MsSqlServerHelpers.csproj", "{22261F4A-896E-4C5B-8818-E5A7E18C7A12}"
EndProject
Project("{9A19103F-16F7-4668-BE54-9A1E7A4F7556}") = "CosmosDbNoSqlHelpers", "CosmosDbNoSqlHelpers\CosmosDbNoSqlHelpers.csproj", "{F3C7D340-4F75-47E2-AA07-17B886A9A712}"
EndProject
Global
	GlobalSection(SolutionConfigurationPlatforms) = preSolution
		Debug|Any CPU = Debug|Any CPU
		Release|Any CPU = Release|Any CPU
	EndGlobalSection
	GlobalSection(ProjectConfigurationPlatforms) = postSolution
		{72F0C734-3EAB-4D71-BB57-3357ACBD43F8}.Debug|Any CPU.ActiveCfg = Debug|Any CPU
		{72F0C734-3EAB-4D71-BB57-3357ACBD43F8}.Debug|Any CPU.Build.0 = Debug|Any CPU
		{72F0C734-3EAB-4D71-BB57-3357ACBD43F8}.Release|Any CPU.ActiveCfg = Release|Any CPU
		{72F0C734-3EAB-4D71-BB57-3357ACBD43F8}.Release|Any CPU.Build.0 = Release|Any CPU
		{22261F4A-896E-4C5B-8818-E5A7E18C7A12}.Debug|Any CPU.ActiveCfg = Debug|Any CPU
		{22261F4A-896E-4C5B-8818-E5A7E18C7A12}.Debug|Any CPU.Build.0 = Debug|Any CPU
		{22261F4A-896E-4C5B-8818-E5A7E18C7A12}.Release|Any CPU.ActiveCfg = Release|Any CPU
		{22261F4A-896E-4C5B-8818-E5A7E18C7A12}.Release|Any CPU.Build.0 = Release|Any CPU
		{F3C7D340-4F75-47E2-AA07-17B886A9A712}.Debug|Any CPU.ActiveCfg = Debug|Any CPU
		{F3C7D340-4F75-47E2-AA07-17B886A9A712}.Debug|Any CPU.Build.0 = Debug|Any CPU
		{F3C7D340-4F75-47E2-AA07-17B886A9A712}.Release|Any CPU.ActiveCfg = Release|Any CPU
		{F3C7D340-4F75-47E2-AA07-17B886A9A712}.Release|Any CPU.Build.0 = Release|Any CPU
	EndGlobalSection
	GlobalSection(SolutionProperties) = preSolution
		HideSolutionNode = FALSE
	EndGlobalSection
	GlobalSection(ExtensibilityGlobals) = postSolution
		SolutionGuid = {C2AB6349-8E67-456C-97EC-39AE4A383FE6}
	EndGlobalSection
EndGlobal
